{
  "originHash" : "1707080cc681be7b9ce6d63ea936be5a22fe5a8dff4532f52aea002c594e3127",
  "pins" : [
    {
      "identity" : "keyboardkit",
      "kind" : "remoteSourceControl",
      "location" : "https://github.com/KeyboardKit/KeyboardKit.git",
      "state" : {
        "revision" : "588583a8f38b6f92cebe334def8ad6411be8333c",
        "version" : "10.1.4"
      }
    }
  ],
  "version" : 3
}
